// !$*UTF8*$!
{
	archiveVersion = 1;
	classes = {
	};
	objectVersion = 50;
	objects = {

/* Begin PBXBuildFile section */
		809B997123996DCC00CD0F5B /* SceneDelegate.swift in Sources */ = {isa = PBXBuildFile; fileRef = 809B997023996DCC00CD0F5B /* SceneDelegate.swift */; };
		809B997523996DCD00CD0F5B /* Assets.xcassets in Resources */ = {isa = PBXBuildFile; fileRef = 809B997423996DCD00CD0F5B /* Assets.xcassets */; };
		809B997823996DCD00CD0F5B /* Preview Assets.xcassets in Resources */ = {isa = PBXBuildFile; fileRef = 809B997723996DCD00CD0F5B /* Preview Assets.xcassets */; };
		809B997B23996DCD00CD0F5B /* LaunchScreen.storyboard in Resources */ = {isa = PBXBuildFile; fileRef = 809B997923996DCD00CD0F5B /* LaunchScreen.storyboard */; };
		809B998323996DF600CD0F5B /* ViewController.swift in Sources */ = {isa = PBXBuildFile; fileRef = 809B998223996DF600CD0F5B /* ViewController.swift */; };
		809B998523996E8500CD0F5B /* Label.swift in Sources */ = {isa = PBXBuildFile; fileRef = 809B998423996E8500CD0F5B /* Label.swift */; };
		809B99AB239BA44C00CD0F5B /* AppDelegate.swift in Sources */ = {isa = PBXBuildFile; fileRef = 809B99AA239BA44C00CD0F5B /* AppDelegate.swift */; };
		809B99AD239BCB6600CD0F5B /* Button.swift in Sources */ = {isa = PBXBuildFile; fileRef = 809B99AC239BCB6600CD0F5B /* Button.swift */; };
/* End PBXBuildFile section */

/* Begin PBXFileReference section */
		809B996B23996DCB00CD0F5B /* TimerForComponents.app */ = {isa = PBXFileReference; explicitFileType = wrapper.application; includeInIndex = 0; path = TimerForComponents.app; sourceTree = BUILT_PRODUCTS_DIR; };
		809B997023996DCC00CD0F5B /* SceneDelegate.swift */ = {isa = PBXFileReference; lastKnownFileType = sourcecode.swift; path = SceneDelegate.swift; sourceTree = "<group>"; };
		809B997423996DCD00CD0F5B /* Assets.xcassets */ = {isa = PBXFileReference; lastKnownFileType = folder.assetcatalog; path = Assets.xcassets; sourceTree = "<group>"; };
		809B997723996DCD00CD0F5B /* Preview Assets.xcassets */ = {isa = PBXFileReference; lastKnownFileType = folder.assetcatalog; path = "Preview Assets.xcassets"; sourceTree = "<group>"; };
		809B997A23996DCD00CD0F5B /* Base */ = {isa = PBXFileReference; lastKnownFileType = file.storyboard; name = Base; path = Base.lproj/LaunchScreen.storyboard; sourceTree = "<group>"; };
		809B997C23996DCD00CD0F5B /* Info.plist */ = {isa = PBXFileReference; lastKnownFileType = text.plist.xml; path = Info.plist; sourceTree = "<group>"; };
		809B998223996DF600CD0F5B /* ViewController.swift */ = {isa = PBXFileReference; lastKnownFileType = sourcecode.swift; path = ViewController.swift; sourceTree = "<group>"; };
		809B998423996E8500CD0F5B /* Label.swift */ = {isa = PBXFileReference; lastKnownFileType = sourcecode.swift; path = Label.swift; sourceTree = "<group>"; };
		809B99AA239BA44C00CD0F5B /* AppDelegate.swift */ = {isa = PBXFileReference; fileEncoding = 4; lastKnownFileType = sourcecode.swift; path = AppDelegate.swift; sourceTree = "<group>"; };
		809B99AC239BCB6600CD0F5B /* Button.swift */ = {isa = PBXFileReference; lastKnownFileType = sourcecode.swift; path = Button.swift; sourceTree = "<group>"; };
/* End PBXFileReference section */

/* Begin PBXFrameworksBuildPhase section */
		809B996823996DCB00CD0F5B /* Frameworks */ = {
			isa = PBXFrameworksBuildPhase;
			buildActionMask = 2147483647;
			files = (
			);
			runOnlyForDeploymentPostprocessing = 0;
		};
/* End PBXFrameworksBuildPhase section */

/* Begin PBXGroup section */
		809B996223996DCB00CD0F5B = {
			isa = PBXGroup;
			children = (
				809B996D23996DCB00CD0F5B /* TimerForComponents */,
				809B996C23996DCB00CD0F5B /* Products */,
			);
			sourceTree = "<group>";
		};
		809B996C23996DCB00CD0F5B /* Products */ = {
			isa = PBXGroup;
			children = (
				809B996B23996DCB00CD0F5B /* TimerForComponents.app */,
			);
			name = Products;
			sourceTree = "<group>";
		};
		809B996D23996DCB00CD0F5B /* TimerForComponents */ = {
			isa = PBXGroup;
			children = (
				809B99AA239BA44C00CD0F5B /* AppDelegate.swift */,
				809B997023996DCC00CD0F5B /* SceneDelegate.swift */,
				809B998223996DF600CD0F5B /* ViewController.swift */,
				809B998423996E8500CD0F5B /* Label.swift */,
				809B99AC239BCB6600CD0F5B /* Button.swift */,
				809B997423996DCD00CD0F5B /* Assets.xcassets */,
				809B997923996DCD00CD0F5B /* LaunchScreen.storyboard */,
				809B997C23996DCD00CD0F5B /* Info.plist */,
				809B997623996DCD00CD0F5B /* Preview Content */,
			);
			path = TimerForComponents;
			sourceTree = "<group>";
		};
		809B997623996DCD00CD0F5B /* Preview Content */ = {
			isa = PBXGroup;
			children = (
				809B997723996DCD00CD0F5B /* Preview Assets.xcassets */,
			);
			path = "Preview Content";
			sourceTree = "<group>";
		};
/* End PBXGroup section */

/* Begin PBXNativeTarget section */
		809B996A23996DCB00CD0F5B /* TimerForComponents */ = {
			isa = PBXNativeTarget;
			buildConfigurationList = 809B997F23996DCD00CD0F5B /* Build configuration list for PBXNativeTarget "TimerForComponents" */;
			buildPhases = (
				809B996723996DCB00CD0F5B /* Sources */,
				809B996823996DCB00CD0F5B /* Frameworks */,
				809B996923996DCB00CD0F5B /* Resources */,
			);
			buildRules = (
			);
			dependencies = (
			);
			name = TimerForComponents;
			productName = TimerForComponents;
			productReference = 809B996B23996DCB00CD0F5B /* TimerForComponents.app */;
			productType = "com.apple.product-type.application";
		};
/* End PBXNativeTarget section */

/* Begin PBXProject section */
		809B996323996DCB00CD0F5B /* Project object */ = {
			isa = PBXProject;
			attributes = {
				LastSwiftUpdateCheck = 1120;
				LastUpgradeCheck = 1120;
				ORGANIZATIONNAME = "Didi Gain";
				TargetAttributes = {
					809B996A23996DCB00CD0F5B = {
						CreatedOnToolsVersion = 11.2.1;
					};
				};
			};
			buildConfigurationList = 809B996623996DCB00CD0F5B /* Build configuration list for PBXProject "TimerForComponents" */;
			compatibilityVersion = "Xcode 9.3";
			developmentRegion = en;
			hasScannedForEncodings = 0;
			knownRegions = (
				en,
				Base,
			);
			mainGroup = 809B996223996DCB00CD0F5B;
			productRefGroup = 809B996C23996DCB00CD0F5B /* Products */;
			projectDirPath = "";
			projectRoot = "";
			targets = (
				809B996A23996DCB00CD0F5B /* TimerForComponents */,
			);
		};
/* End PBXProject section */

/* Begin PBXResourcesBuildPhase section */
		809B996923996DCB00CD0F5B /* Resources */ = {
			isa = PBXResourcesBuildPhase;
			buildActionMask = 2147483647;
			files = (
				809B997B23996DCD00CD0F5B /* LaunchScreen.storyboard in Resources */,
				809B997823996DCD00CD0F5B /* Preview Assets.xcassets in Resources */,
				809B997523996DCD00CD0F5B /* Assets.xcassets in Resources */,
			);
			runOnlyForDeploymentPostprocessing = 0;
		};
/* End PBXResourcesBuildPhase section */

/* Begin PBXSourcesBuildPhase section */
		809B996723996DCB00CD0F5B /* Sources */ = {
			isa = PBXSourcesBuildPhase;
			buildActionMask = 2147483647;
			files = (
				809B99AD239BCB6600CD0F5B /* Button.swift in Sources */,
				809B99AB239BA44C00CD0F5B /* AppDelegate.swift in Sources */,
				809B998323996DF600CD0F5B /* ViewController.swift in Sources */,
				809B998523996E8500CD0F5B /* Label.swift in Sources */,
				809B997123996DCC00CD0F5B /* SceneDelegate.swift in Sources */,
			);
			runOnlyForDeploymentPostprocessing = 0;
		};
/* End PBXSourcesBuildPhase section */

/* Begin PBXVariantGroup section */
		809B997923996DCD00CD0F5B /* LaunchScreen.storyboard */ = {
			isa = PBXVariantGroup;
			children = (
				809B997A23996DCD00CD0F5B /* Base */,
			);
			name = LaunchScreen.storyboard;
			sourceTree = "<group>";
		};
/* End PBXVariantGroup section */

/* Begin XCBuildConfiguration section */
		809B997D23996DCD00CD0F5B /* Debug */ = {
			isa = XCBuildConfiguration;
			buildSettings = {
				ALWAYS_SEARCH_USER_PATHS = NO;
				CLANG_ANALYZER_NONNULL = YES;
				CLANG_ANALYZER_NUMBER_OBJECT_CONVERSION = YES_AGGRESSIVE;
				CLANG_CXX_LANGUAGE_STANDARD = "gnu++14";
				CLANG_CXX_LIBRARY = "libc++";
				CLANG_ENABLE_MODULES = YES;
				CLANG_ENABLE_OBJC_ARC = YES;
				CLANG_ENABLE_OBJC_WEAK = YES;
				CLANG_WARN_BLOCK_CAPTURE_AUTORELEASING = YES;
				CLANG_WARN_BOOL_CONVERSION = YES;
				CLANG_WARN_COMMA = YES;
				CLANG_WARN_CONSTANT_CONVERSION = YES;
				CLANG_WARN_DEPRECATED_OBJC_IMPLEMENTATIONS = YES;
				CLANG_WARN_DIRECT_OBJC_ISA_USAGE = YES_ERROR;
				CLANG_WARN_DOCUMENTATION_COMMENTS = YES;
				CLANG_WARN_EMPTY_BODY = YES;
				CLANG_WARN_ENUM_CONVERSION = YES;
				CLANG_WARN_INFINITE_RECURSION = YES;
				CLANG_WARN_INT_CONVERSION = YES;
				CLANG_WARN_NON_LITERAL_NULL_CONVERSION = YES;
				CLANG_WARN_OBJC_IMPLICIT_RETAIN_SELF = YES;
				CLANG_WARN_OBJC_LITERAL_CONVERSION = YES;
				CLANG_WARN_OBJC_ROOT_CLASS = YES_ERROR;
				CLANG_WARN_RANGE_LOOP_ANALYSIS = YES;
				CLANG_WARN_STRICT_PROTOTYPES = YES;
				CLANG_WARN_SUSPICIOUS_MOVE = YES;
				CLANG_WARN_UNGUARDED_AVAILABILITY = YES_AGGRESSIVE;
				CLANG_WARN_UNREACHABLE_CODE = YES;
				CLANG_WARN__DUPLICATE_METHOD_MATCH = YES;
				COPY_PHASE_STRIP = NO;
				DEBUG_INFORMATION_FORMAT = dwarf;
				ENABLE_STRICT_OBJC_MSGSEND = YES;
				ENABLE_TESTABILITY = YES;
				GCC_C_LANGUAGE_STANDARD = gnu11;
				GCC_DYNAMIC_NO_PIC = NO;
				GCC_NO_COMMON_BLOCKS = YES;
				GCC_OPTIMIZATION_LEVEL = 0;
				GCC_PREPROCESSOR_DEFINITIONS = (
					"DEBUG=1",
					"$(inherited)",
				);
				GCC_WARN_64_TO_32_BIT_CONVERSION = YES;
				GCC_WARN_ABOUT_RETURN_TYPE = YES_ERROR;
				GCC_WARN_UNDECLARED_SELECTOR = YES;
				GCC_WARN_UNINITIALIZED_AUTOS = YES_AGGRESSIVE;
				GCC_WARN_UNUSED_FUNCTION = YES;
				GCC_WARN_UNUSED_VARIABLE = YES;
				IPHONEOS_DEPLOYMENT_TARGET = 13.2;
				MTL_ENABLE_DEBUG_INFO = INCLUDE_SOURCE;
				MTL_FAST_MATH = YES;
				ONLY_ACTIVE_ARCH = YES;
				SDKROOT = iphoneos;
				SWIFT_ACTIVE_COMPILATION_CONDITIONS = DEBUG;
				SWIFT_OPTIMIZATION_LEVEL = "-Onone";
			};
			name = Debug;
		};
		809B997E23996DCD00CD0F5B /* Release */ = {
			isa = XCBuildConfiguration;
			buildSettings = {
				ALWAYS_SEARCH_USER_PATHS = NO;
				CLANG_ANALYZER_NONNULL = YES;
				CLANG_ANALYZER_NUMBER_OBJECT_CONVERSION = YES_AGGRESSIVE;
				CLANG_CXX_LANGUAGE_STANDARD = "gnu++14";
				CLANG_CXX_LIBRARY = "libc++";
				CLANG_ENABLE_MODULES = YES;
				CLANG_ENABLE_OBJC_ARC = YES;
				CLANG_ENABLE_OBJC_WEAK = YES;
				CLANG_WARN_BLOCK_CAPTURE_AUTORELEASING = YES;
				CLANG_WARN_BOOL_CONVERSION = YES;
				CLANG_WARN_COMMA = YES;
				CLANG_WARN_CONSTANT_CONVERSION = YES;
				CLANG_WARN_DEPRECATED_OBJC_IMPLEMENTATIONS = YES;
				CLANG_WARN_DIRECT_OBJC_ISA_USAGE = YES_ERROR;
				CLANG_WARN_DOCUMENTATION_COMMENTS = YES;
				CLANG_WARN_EMPTY_BODY = YES;
				CLANG_WARN_ENUM_CONVERSION = YES;
				CLANG_WARN_INFINITE_RECURSION = YES;
				CLANG_WARN_INT_CONVERSION = YES;
				CLANG_WARN_NON_LITERAL_NULL_CONVERSION = YES;
				CLANG_WARN_OBJC_IMPLICIT_RETAIN_SELF = YES;
				CLANG_WARN_OBJC_LITERAL_CONVERSION = YES;
				CLANG_WARN_OBJC_ROOT_CLASS = YES_ERROR;
				CLANG_WARN_RANGE_LOOP_ANALYSIS = YES;
				CLANG_WARN_STRICT_PROTOTYPES = YES;
				CLANG_WARN_SUSPICIOUS_MOVE = YES;
				CLANG_WARN_UNGUARDED_AVAILABILITY = YES_AGGRESSIVE;
				CLANG_WARN_UNREACHABLE_CODE = YES;
				CLANG_WARN__DUPLICATE_METHOD_MATCH = YES;
				COPY_PHASE_STRIP = NO;
				DEBUG_INFORMATION_FORMAT = "dwarf-with-dsym";
				ENABLE_NS_ASSERTIONS = NO;
				ENABLE_STRICT_OBJC_MSGSEND = YES;
				GCC_C_LANGUAGE_STANDARD = gnu11;
				GCC_NO_COMMON_BLOCKS = YES;
				GCC_WARN_64_TO_32_BIT_CONVERSION = YES;
				GCC_WARN_ABOUT_RETURN_TYPE = YES_ERROR;
				GCC_WARN_UNDECLARED_SELECTOR = YES;
				GCC_WARN_UNINITIALIZED_AUTOS = YES_AGGRESSIVE;
				GCC_WARN_UNUSED_FUNCTION = YES;
				GCC_WARN_UNUSED_VARIABLE = YES;
				IPHONEOS_DEPLOYMENT_TARGET = 13.2;
				MTL_ENABLE_DEBUG_INFO = NO;
				MTL_FAST_MATH = YES;
				SDKROOT = iphoneos;
				SWIFT_COMPILATION_MODE = wholemodule;
				SWIFT_OPTIMIZATION_LEVEL = "-O";
				VALIDATE_PRODUCT = YES;
			};
			name = Release;
		};
		809B998023996DCD00CD0F5B /* Debug */ = {
			isa = XCBuildConfiguration;
			buildSettings = {
				ASSETCATALOG_COMPILER_APPICON_NAME = AppIcon;
				CODE_SIGN_STYLE = Automatic;
				DEVELOPMENT_ASSET_PATHS = "\"TimerForComponents/Preview Content\"";
				DEVELOPMENT_TEAM = 27DAX6K5AR;
				ENABLE_PREVIEWS = YES;
				INFOPLIST_FILE = TimerForComponents/Info.plist;
				LD_RUNPATH_SEARCH_PATHS = (
					"$(inherited)",
					"@executable_path/Frameworks",
				);
				PRODUCT_BUNDLE_IDENTIFIER = Didi.TimerForComponents;
				PRODUCT_NAME = "$(TARGET_NAME)";
				SWIFT_VERSION = 5.0;
				TARGETED_DEVICE_FAMILY = "1,2";
			};
			name = Debug;
		};
		809B998123996DCD00CD0F5B /* Release */ = {
			isa = XCBuildConfiguration;
			buildSettings = {
				ASSETCATALOG_COMPILER_APPICON_NAME = AppIcon;
				CODE_SIGN_STYLE = Automatic;
				DEVELOPMENT_ASSET_PATHS = "\"TimerForComponents/Preview Content\"";
				DEVELOPMENT_TEAM = 27DAX6K5AR;
				ENABLE_PREVIEWS = YES;
				INFOPLIST_FILE = TimerForComponents/Info.plist;
				LD_RUNPATH_SEARCH_PATHS = (
					"$(inherited)",
					"@executable_path/Frameworks",
				);
				PRODUCT_BUNDLE_IDENTIFIER = Didi.TimerForComponents;
				PRODUCT_NAME = "$(TARGET_NAME)";
				SWIFT_VERSION = 5.0;
				TARGETED_DEVICE_FAMILY = "1,2";
			};
			name = Release;
		};
/* End XCBuildConfiguration section */

/* Begin XCConfigurationList section */
		809B996623996DCB00CD0F5B /* Build configuration list for PBXProject "TimerForComponents" */ = {
			isa = XCConfigurationList;
			buildConfigurations = (
				809B997D23996DCD00CD0F5B /* Debug */,
				809B997E23996DCD00CD0F5B /* Release */,
			);
			defaultConfigurationIsVisible = 0;
			defaultConfigurationName = Release;
		};
		809B997F23996DCD00CD0F5B /* Build configuration list for PBXNativeTarget "TimerForComponents" */ = {
			isa = XCConfigurationList;
			buildConfigurations = (
				809B998023996DCD00CD0F5B /* Debug */,
				809B998123996DCD00CD0F5B /* Release */,
			);
			defaultConfigurationIsVisible = 0;
			defaultConfigurationName = Release;
		};
/* End XCConfigurationList section */
	};
	rootObject = 809B996323996DCB00CD0F5B /* Project object */;
}
